PODS:
  - Alamofire (4.9.1)
  - SwiftyJSON (4.2.0)
  - WKWebView_WarmUp (1.0.0)

DEPENDENCIES:
  - Alamofire (~> 4.0)
  - SwiftyJSON (~> 4.2.0)
  - WKWebView_WarmUp (~> 1.0)

SPEC REPOS:
  trunk:
    - Alamofire
    - SwiftyJSON
    - WKWebView_WarmUp

SPEC CHECKSUMS:
  Alamofire: 85e8a02c69d6020a0d734f6054870d7ecb75cf18
  SwiftyJSON: c4bcba26dd9ec7a027fc8eade48e2c911f229e96
  WKWebView_WarmUp: 3bbdc133b2bc71c0397e48708c9ad4ef2f8129ff

PODFILE CHECKSUM: 51c1240cc514219c7d4d6ff93c34d6b54b2e7be8

COCOAPODS: 1.11.2
