// !$*UTF8*$!
{
	archiveVersion = 1;
	classes = {
	};
	objectVersion = 55;
	objects = {

/* Begin PBXBuildFile section */
		03EBE9F7EE82C11775DAF250 /* Pods_Terra_Planet.framework in Frameworks */ = {isa = PBXBuildFile; fileRef = FCF1C46317E711513B089ECD /* Pods_Terra_Planet.framework */; };
		410CBD1435E8F475EC03637D /* Pods_Terra_Planet_Terra_PlanetUITests.framework in Frameworks */ = {isa = PBXBuildFile; fileRef = E02E22F51BC5FFD6B62BB0D7 /* Pods_Terra_Planet_Terra_PlanetUITests.framework */; };
		5908BA8327EB497800AC0ED8 /* Onboarding.storyboard in Resources */ = {isa = PBXBuildFile; fileRef = 5908BA8227EB497800AC0ED8 /* Onboarding.storyboard */; };
		5908BA8527EB499800AC0ED8 /* OnboardingVC.swift in Sources */ = {isa = PBXBuildFile; fileRef = 5908BA8427EB499800AC0ED8 /* OnboardingVC.swift */; };
		591F1E3A27F48C9A007930A1 /* Design.swift in Sources */ = {isa = PBXBuildFile; fileRef = 591F1E3927F48C9A007930A1 /* Design.swift */; };
		591F1E3C27F48F1F007930A1 /* GasFee.swift in Sources */ = {isa = PBXBuildFile; fileRef = 591F1E3B27F48F1F007930A1 /* GasFee.swift */; };
		591F1E3E27F48F49007930A1 /* Settings.swift in Sources */ = {isa = PBXBuildFile; fileRef = 591F1E3D27F48F49007930A1 /* Settings.swift */; };
		591F1E4027F497A3007930A1 /* StoreManager.swift in Sources */ = {isa = PBXBuildFile; fileRef = 591F1E3F27F497A3007930A1 /* StoreManager.swift */; };
		5921171D27EB53F7001E1DC0 /* NewWalletInfo.swift in Sources */ = {isa = PBXBuildFile; fileRef = 5921171C27EB53F7001E1DC0 /* NewWalletInfo.swift */; };
		5921171F27EB5668001E1DC0 /* First.swift in Sources */ = {isa = PBXBuildFile; fileRef = 5921171E27EB5668001E1DC0 /* First.swift */; };
		5921172127EB628C001E1DC0 /* HomeTab.storyboard in Resources */ = {isa = PBXBuildFile; fileRef = 5921172027EB628C001E1DC0 /* HomeTab.storyboard */; };
		5921172427EB62CB001E1DC0 /* HomeVC.swift in Sources */ = {isa = PBXBuildFile; fileRef = 5921172327EB62CB001E1DC0 /* HomeVC.swift */; };
		5921172627EB63B1001E1DC0 /* Home.storyboard in Resources */ = {isa = PBXBuildFile; fileRef = 5921172527EB63B1001E1DC0 /* Home.storyboard */; };
		5921172827EBC57C001E1DC0 /* Home.swift in Sources */ = {isa = PBXBuildFile; fileRef = 5921172727EBC57C001E1DC0 /* Home.swift */; };
		5923398427ECB52D00E4DF84 /* Utils.swift in Sources */ = {isa = PBXBuildFile; fileRef = 5923398327ECB52D00E4DF84 /* Utils.swift */; };
		5923398627ECB79C00E4DF84 /* Swap.storyboard in Resources */ = {isa = PBXBuildFile; fileRef = 5923398527ECB79C00E4DF84 /* Swap.storyboard */; };
		5923398927ECB7BA00E4DF84 /* SwapVC.swift in Sources */ = {isa = PBXBuildFile; fileRef = 5923398827ECB7BA00E4DF84 /* SwapVC.swift */; };
		5923398B27ECB7D800E4DF84 /* Swap.swift in Sources */ = {isa = PBXBuildFile; fileRef = 5923398A27ECB7D800E4DF84 /* Swap.swift */; };
		592FA2E827EDE8A400955BF7 /* Anchor.storyboard in Resources */ = {isa = PBXBuildFile; fileRef = 592FA2E727EDE8A400955BF7 /* Anchor.storyboard */; };
		592FA2EA27EDE8B200955BF7 /* AnchorVC.swift in Sources */ = {isa = PBXBuildFile; fileRef = 592FA2E927EDE8B200955BF7 /* AnchorVC.swift */; };
		5933E97827EA08C300C8D25D /* AppDelegate.swift in Sources */ = {isa = PBXBuildFile; fileRef = 5933E97727EA08C300C8D25D /* AppDelegate.swift */; };
		5933E97C27EA08C300C8D25D /* FirstVC.swift in Sources */ = {isa = PBXBuildFile; fileRef = 5933E97B27EA08C300C8D25D /* FirstVC.swift */; };
		5933E97F27EA08C300C8D25D /* Main.storyboard in Resources */ = {isa = PBXBuildFile; fileRef = 5933E97D27EA08C300C8D25D /* Main.storyboard */; };
		5933E98127EA08C500C8D25D /* Assets.xcassets in Resources */ = {isa = PBXBuildFile; fileRef = 5933E98027EA08C500C8D25D /* Assets.xcassets */; };
		5933E98427EA08C500C8D25D /* LaunchScreen.storyboard in Resources */ = {isa = PBXBuildFile; fileRef = 5933E98227EA08C500C8D25D /* LaunchScreen.storyboard */; };
		5933E98F27EA08C500C8D25D /* Terra_PlanetTests.swift in Sources */ = {isa = PBXBuildFile; fileRef = 5933E98E27EA08C500C8D25D /* Terra_PlanetTests.swift */; };
		5933E99927EA08C500C8D25D /* Terra_PlanetUITests.swift in Sources */ = {isa = PBXBuildFile; fileRef = 5933E99827EA08C500C8D25D /* Terra_PlanetUITests.swift */; };
		5933E99B27EA08C500C8D25D /* Terra_PlanetUITestsLaunchTests.swift in Sources */ = {isa = PBXBuildFile; fileRef = 5933E99A27EA08C500C8D25D /* Terra_PlanetUITestsLaunchTests.swift */; };
		5933E9AE27EA09CE00C8D25D /* NodeRunner.mm in Sources */ = {isa = PBXBuildFile; fileRef = 5933E9AD27EA09CE00C8D25D /* NodeRunner.mm */; };
		5933E9AF27EA0C0E00C8D25D /* NodeMobile.framework in Frameworks */ = {isa = PBXBuildFile; fileRef = 5933E9A727EA098E00C8D25D /* NodeMobile.framework */; };
		5933E9B027EA0C0E00C8D25D /* NodeMobile.framework in Embed Frameworks */ = {isa = PBXBuildFile; fileRef = 5933E9A727EA098E00C8D25D /* NodeMobile.framework */; settings = {ATTRIBUTES = (CodeSignOnCopy, RemoveHeadersOnCopy, ); }; };
		5933E9B427EA189D00C8D25D /* API.swift in Sources */ = {isa = PBXBuildFile; fileRef = 5933E9B327EA189D00C8D25D /* API.swift */; };
		5933E9B627EA190100C8D25D /* Wallet.swift in Sources */ = {isa = PBXBuildFile; fileRef = 5933E9B527EA190100C8D25D /* Wallet.swift */; };
		5933E9BA27EA19AD00C8D25D /* nodejs-project in Resources */ = {isa = PBXBuildFile; fileRef = 5933E9B927EA19AD00C8D25D /* nodejs-project */; };
		5933E9BC27EA22DC00C8D25D /* Network.swift in Sources */ = {isa = PBXBuildFile; fileRef = 5933E9BB27EA22DC00C8D25D /* Network.swift */; };
		5933E9BE27EA294E00C8D25D /* Balance.swift in Sources */ = {isa = PBXBuildFile; fileRef = 5933E9BD27EA294E00C8D25D /* Balance.swift */; };
		5933E9C227EA311200C8D25D /* KeyChainManager.swift in Sources */ = {isa = PBXBuildFile; fileRef = 5933E9C127EA311200C8D25D /* KeyChainManager.swift */; };
		596145F727EDEBFF00026427 /* Anchor.swift in Sources */ = {isa = PBXBuildFile; fileRef = 596145F627EDEBFF00026427 /* Anchor.swift */; };
		596145F927EDEC6500026427 /* AnchorActions.swift in Sources */ = {isa = PBXBuildFile; fileRef = 596145F827EDEC6500026427 /* AnchorActions.swift */; };
		596145FB27EE05A900026427 /* EventManager.swift in Sources */ = {isa = PBXBuildFile; fileRef = 596145FA27EE05A900026427 /* EventManager.swift */; };
		596145FD27EE0A8600026427 /* QR.storyboard in Resources */ = {isa = PBXBuildFile; fileRef = 596145FC27EE0A8600026427 /* QR.storyboard */; };
		5973AE8627EC906300F6F78E /* Receive.storyboard in Resources */ = {isa = PBXBuildFile; fileRef = 5973AE8527EC906300F6F78E /* Receive.storyboard */; };
		5973AE8927EC909600F6F78E /* ReceiveVC.swift in Sources */ = {isa = PBXBuildFile; fileRef = 5973AE8827EC909600F6F78E /* ReceiveVC.swift */; };
		5973AE8B27EC90B600F6F78E /* Receive.swift in Sources */ = {isa = PBXBuildFile; fileRef = 5973AE8A27EC90B600F6F78E /* Receive.swift */; };
		5973AE8D27EC910F00F6F78E /* QR.swift in Sources */ = {isa = PBXBuildFile; fileRef = 5973AE8C27EC910F00F6F78E /* QR.swift */; };
		598E910F27F1E7BB0002B438 /* ImportWalletVC.swift in Sources */ = {isa = PBXBuildFile; fileRef = 598E910E27F1E7BB0002B438 /* ImportWalletVC.swift */; };
		598E911227F1E7E00002B438 /* ImportWallet.swift in Sources */ = {isa = PBXBuildFile; fileRef = 598E911127F1E7E00002B438 /* ImportWallet.swift */; };
		59A9E40127EB4C3000544B62 /* Onboarding.swift in Sources */ = {isa = PBXBuildFile; fileRef = 59A9E40027EB4C3000544B62 /* Onboarding.swift */; };
		59A9E40427EB52B200544B62 /* NewWalletInfoVC.swift in Sources */ = {isa = PBXBuildFile; fileRef = 59A9E40327EB52B200544B62 /* NewWalletInfoVC.swift */; };
		59C2706E27F35FDE000DD19C /* History.storyboard in Resources */ = {isa = PBXBuildFile; fileRef = 59C2706D27F35FDE000DD19C /* History.storyboard */; };
		59C2707127F35FF4000DD19C /* HistoryVC.swift in Sources */ = {isa = PBXBuildFile; fileRef = 59C2707027F35FF4000DD19C /* HistoryVC.swift */; };
		59CBA33E27F484310048CA4D /* Settings.storyboard in Resources */ = {isa = PBXBuildFile; fileRef = 59CBA33D27F484310048CA4D /* Settings.storyboard */; };
		59CBA34127F4845A0048CA4D /* SettingsVC.swift in Sources */ = {isa = PBXBuildFile; fileRef = 59CBA34027F4845A0048CA4D /* SettingsVC.swift */; };
		59E2728827EC96A4002F8C1D /* Send.storyboard in Resources */ = {isa = PBXBuildFile; fileRef = 59E2728727EC96A4002F8C1D /* Send.storyboard */; };
		59E2728B27EC96C4002F8C1D /* SendVC.swift in Sources */ = {isa = PBXBuildFile; fileRef = 59E2728A27EC96C4002F8C1D /* SendVC.swift */; };
		59E2728D27EC96DD002F8C1D /* Send.swift in Sources */ = {isa = PBXBuildFile; fileRef = 59E2728C27EC96DD002F8C1D /* Send.swift */; };
		6C6CD1F011662E58716096BE /* Pods_Terra_PlanetTests.framework in Frameworks */ = {isa = PBXBuildFile; fileRef = 75ACB7AA745F46C5D89123C8 /* Pods_Terra_PlanetTests.framework */; };
/* End PBXBuildFile section */

/* Begin PBXContainerItemProxy section */
		5933E98B27EA08C500C8D25D /* PBXContainerItemProxy */ = {
			isa = PBXContainerItemProxy;
			containerPortal = 5933E96C27EA08C300C8D25D /* Project object */;
			proxyType = 1;
			remoteGlobalIDString = 5933E97327EA08C300C8D25D;
			remoteInfo = "Terra Planet";
		};
		5933E99527EA08C500C8D25D /* PBXContainerItemProxy */ = {
			isa = PBXContainerItemProxy;
			containerPortal = 5933E96C27EA08C300C8D25D /* Project object */;
			proxyType = 1;
			remoteGlobalIDString = 5933E97327EA08C300C8D25D;
			remoteInfo = "Terra Planet";
		};
/* End PBXContainerItemProxy section */

/* Begin PBXCopyFilesBuildPhase section */
		5933E9B127EA0C0E00C8D25D /* Embed Frameworks */ = {
			isa = PBXCopyFilesBuildPhase;
			buildActionMask = 2147483647;
			dstPath = "";
			dstSubfolderSpec = 10;
			files = (
				5933E9B027EA0C0E00C8D25D /* NodeMobile.framework in Embed Frameworks */,
			);
			name = "Embed Frameworks";
			runOnlyForDeploymentPostprocessing = 0;
		};
/* End PBXCopyFilesBuildPhase section */

/* Begin PBXFileReference section */
		1A8C908FDD59E110954440AF /* Pods-Terra Planet.release.xcconfig */ = {isa = PBXFileReference; includeInIndex = 1; lastKnownFileType = text.xcconfig; name = "Pods-Terra Planet.release.xcconfig"; path = "Target Support Files/Pods-Terra Planet/Pods-Terra Planet.release.xcconfig"; sourceTree = "<group>"; };
		2247FF0D6B5B06A2243E5DEC /* Pods-Terra Planet-Terra PlanetUITests.debug.xcconfig */ = {isa = PBXFileReference; includeInIndex = 1; lastKnownFileType = text.xcconfig; name = "Pods-Terra Planet-Terra PlanetUITests.debug.xcconfig"; path = "Target Support Files/Pods-Terra Planet-Terra PlanetUITests/Pods-Terra Planet-Terra PlanetUITests.debug.xcconfig"; sourceTree = "<group>"; };
		5908BA8227EB497800AC0ED8 /* Onboarding.storyboard */ = {isa = PBXFileReference; lastKnownFileType = file.storyboard; path = Onboarding.storyboard; sourceTree = "<group>"; };
		5908BA8427EB499800AC0ED8 /* OnboardingVC.swift */ = {isa = PBXFileReference; lastKnownFileType = sourcecode.swift; path = OnboardingVC.swift; sourceTree = "<group>"; };
		591F1E3927F48C9A007930A1 /* Design.swift */ = {isa = PBXFileReference; lastKnownFileType = sourcecode.swift; path = Design.swift; sourceTree = "<group>"; };
		591F1E3B27F48F1F007930A1 /* GasFee.swift */ = {isa = PBXFileReference; lastKnownFileType = sourcecode.swift; path = GasFee.swift; sourceTree = "<group>"; };
		591F1E3D27F48F49007930A1 /* Settings.swift */ = {isa = PBXFileReference; lastKnownFileType = sourcecode.swift; path = Settings.swift; sourceTree = "<group>"; };
		591F1E3F27F497A3007930A1 /* StoreManager.swift */ = {isa = PBXFileReference; lastKnownFileType = sourcecode.swift; path = StoreManager.swift; sourceTree = "<group>"; };
		5921171C27EB53F7001E1DC0 /* NewWalletInfo.swift */ = {isa = PBXFileReference; lastKnownFileType = sourcecode.swift; path = NewWalletInfo.swift; sourceTree = "<group>"; };
		5921171E27EB5668001E1DC0 /* First.swift */ = {isa = PBXFileReference; lastKnownFileType = sourcecode.swift; path = First.swift; sourceTree = "<group>"; };
		5921172027EB628C001E1DC0 /* HomeTab.storyboard */ = {isa = PBXFileReference; lastKnownFileType = file.storyboard; path = HomeTab.storyboard; sourceTree = "<group>"; };
		5921172327EB62CB001E1DC0 /* HomeVC.swift */ = {isa = PBXFileReference; lastKnownFileType = sourcecode.swift; path = HomeVC.swift; sourceTree = "<group>"; };
		5921172527EB63B1001E1DC0 /* Home.storyboard */ = {isa = PBXFileReference; fileEncoding = 4; lastKnownFileType = file.storyboard; path = Home.storyboard; sourceTree = "<group>"; };
		5921172727EBC57C001E1DC0 /* Home.swift */ = {isa = PBXFileReference; lastKnownFileType = sourcecode.swift; path = Home.swift; sourceTree = "<group>"; };
		5923398327ECB52D00E4DF84 /* Utils.swift */ = {isa = PBXFileReference; lastKnownFileType = sourcecode.swift; path = Utils.swift; sourceTree = "<group>"; };
		5923398527ECB79C00E4DF84 /* Swap.storyboard */ = {isa = PBXFileReference; lastKnownFileType = file.storyboard; path = Swap.storyboard; sourceTree = "<group>"; };
		5923398827ECB7BA00E4DF84 /* SwapVC.swift */ = {isa = PBXFileReference; lastKnownFileType = sourcecode.swift; path = SwapVC.swift; sourceTree = "<group>"; };
		5923398A27ECB7D800E4DF84 /* Swap.swift */ = {isa = PBXFileReference; lastKnownFileType = sourcecode.swift; path = Swap.swift; sourceTree = "<group>"; };
		592FA2E727EDE8A400955BF7 /* Anchor.storyboard */ = {isa = PBXFileReference; lastKnownFileType = file.storyboard; path = Anchor.storyboard; sourceTree = "<group>"; };
		592FA2E927EDE8B200955BF7 /* AnchorVC.swift */ = {isa = PBXFileReference; lastKnownFileType = sourcecode.swift; path = AnchorVC.swift; sourceTree = "<group>"; };
		5933E97427EA08C300C8D25D /* Terra Planet.app */ = {isa = PBXFileReference; explicitFileType = wrapper.application; includeInIndex = 0; path = "Terra Planet.app"; sourceTree = BUILT_PRODUCTS_DIR; };
		5933E97727EA08C300C8D25D /* AppDelegate.swift */ = {isa = PBXFileReference; lastKnownFileType = sourcecode.swift; path = AppDelegate.swift; sourceTree = "<group>"; };
		5933E97B27EA08C300C8D25D /* FirstVC.swift */ = {isa = PBXFileReference; lastKnownFileType = sourcecode.swift; path = FirstVC.swift; sourceTree = "<group>"; };
		5933E97E27EA08C300C8D25D /* Base */ = {isa = PBXFileReference; lastKnownFileType = file.storyboard; name = Base; path = Base.lproj/Main.storyboard; sourceTree = "<group>"; };
		5933E98027EA08C500C8D25D /* Assets.xcassets */ = {isa = PBXFileReference; lastKnownFileType = folder.assetcatalog; path = Assets.xcassets; sourceTree = "<group>"; };
		5933E98327EA08C500C8D25D /* Base */ = {isa = PBXFileReference; lastKnownFileType = file.storyboard; name = Base; path = Base.lproj/LaunchScreen.storyboard; sourceTree = "<group>"; };
		5933E98527EA08C500C8D25D /* Info.plist */ = {isa = PBXFileReference; lastKnownFileType = text.plist.xml; path = Info.plist; sourceTree = "<group>"; };
		5933E98A27EA08C500C8D25D /* Terra PlanetTests.xctest */ = {isa = PBXFileReference; explicitFileType = wrapper.cfbundle; includeInIndex = 0; path = "Terra PlanetTests.xctest"; sourceTree = BUILT_PRODUCTS_DIR; };
		5933E98E27EA08C500C8D25D /* Terra_PlanetTests.swift */ = {isa = PBXFileReference; lastKnownFileType = sourcecode.swift; path = Terra_PlanetTests.swift; sourceTree = "<group>"; };
		5933E99427EA08C500C8D25D /* Terra PlanetUITests.xctest */ = {isa = PBXFileReference; explicitFileType = wrapper.cfbundle; includeInIndex = 0; path = "Terra PlanetUITests.xctest"; sourceTree = BUILT_PRODUCTS_DIR; };
		5933E99827EA08C500C8D25D /* Terra_PlanetUITests.swift */ = {isa = PBXFileReference; lastKnownFileType = sourcecode.swift; path = Terra_PlanetUITests.swift; sourceTree = "<group>"; };
		5933E99A27EA08C500C8D25D /* Terra_PlanetUITestsLaunchTests.swift */ = {isa = PBXFileReference; lastKnownFileType = sourcecode.swift; path = Terra_PlanetUITestsLaunchTests.swift; sourceTree = "<group>"; };
		5933E9A727EA098E00C8D25D /* NodeMobile.framework */ = {isa = PBXFileReference; lastKnownFileType = wrapper.framework; path = NodeMobile.framework; sourceTree = "<group>"; };
		5933E9AB27EA09CE00C8D25D /* Terra Planet-Bridging-Header.h */ = {isa = PBXFileReference; lastKnownFileType = sourcecode.c.h; path = "Terra Planet-Bridging-Header.h"; sourceTree = "<group>"; };
		5933E9AC27EA09CE00C8D25D /* NodeRunner.h */ = {isa = PBXFileReference; fileEncoding = 4; lastKnownFileType = sourcecode.c.h; path = NodeRunner.h; sourceTree = "<group>"; };
		5933E9AD27EA09CE00C8D25D /* NodeRunner.mm */ = {isa = PBXFileReference; fileEncoding = 4; lastKnownFileType = sourcecode.cpp.objcpp; path = NodeRunner.mm; sourceTree = "<group>"; };
		5933E9B327EA189D00C8D25D /* API.swift */ = {isa = PBXFileReference; lastKnownFileType = sourcecode.swift; path = API.swift; sourceTree = "<group>"; };
		5933E9B527EA190100C8D25D /* Wallet.swift */ = {isa = PBXFileReference; lastKnownFileType = sourcecode.swift; path = Wallet.swift; sourceTree = "<group>"; };
		5933E9B927EA19AD00C8D25D /* nodejs-project */ = {isa = PBXFileReference; lastKnownFileType = folder; path = "nodejs-project"; sourceTree = "<group>"; };
		5933E9BB27EA22DC00C8D25D /* Network.swift */ = {isa = PBXFileReference; lastKnownFileType = sourcecode.swift; path = Network.swift; sourceTree = "<group>"; };
		5933E9BD27EA294E00C8D25D /* Balance.swift */ = {isa = PBXFileReference; lastKnownFileType = sourcecode.swift; path = Balance.swift; sourceTree = "<group>"; };
		5933E9C127EA311200C8D25D /* KeyChainManager.swift */ = {isa = PBXFileReference; lastKnownFileType = sourcecode.swift; path = KeyChainManager.swift; sourceTree = "<group>"; };
		596145F627EDEBFF00026427 /* Anchor.swift */ = {isa = PBXFileReference; lastKnownFileType = sourcecode.swift; path = Anchor.swift; sourceTree = "<group>"; };
		596145F827EDEC6500026427 /* AnchorActions.swift */ = {isa = PBXFileReference; lastKnownFileType = sourcecode.swift; path = AnchorActions.swift; sourceTree = "<group>"; };
		596145FA27EE05A900026427 /* EventManager.swift */ = {isa = PBXFileReference; lastKnownFileType = sourcecode.swift; path = EventManager.swift; sourceTree = "<group>"; };
		596145FC27EE0A8600026427 /* QR.storyboard */ = {isa = PBXFileReference; lastKnownFileType = file.storyboard; path = QR.storyboard; sourceTree = "<group>"; };
		5973AE8527EC906300F6F78E /* Receive.storyboard */ = {isa = PBXFileReference; lastKnownFileType = file.storyboard; path = Receive.storyboard; sourceTree = "<group>"; };
		5973AE8827EC909600F6F78E /* ReceiveVC.swift */ = {isa = PBXFileReference; lastKnownFileType = sourcecode.swift; path = ReceiveVC.swift; sourceTree = "<group>"; };
		5973AE8A27EC90B600F6F78E /* Receive.swift */ = {isa = PBXFileReference; lastKnownFileType = sourcecode.swift; path = Receive.swift; sourceTree = "<group>"; };
		5973AE8C27EC910F00F6F78E /* QR.swift */ = {isa = PBXFileReference; lastKnownFileType = sourcecode.swift; path = QR.swift; sourceTree = "<group>"; };
		598E910E27F1E7BB0002B438 /* ImportWalletVC.swift */ = {isa = PBXFileReference; lastKnownFileType = sourcecode.swift; path = ImportWalletVC.swift; sourceTree = "<group>"; };
		598E911127F1E7E00002B438 /* ImportWallet.swift */ = {isa = PBXFileReference; lastKnownFileType = sourcecode.swift; path = ImportWallet.swift; sourceTree = "<group>"; };
		59A9E40027EB4C3000544B62 /* Onboarding.swift */ = {isa = PBXFileReference; lastKnownFileType = sourcecode.swift; path = Onboarding.swift; sourceTree = "<group>"; };
		59A9E40327EB52B200544B62 /* NewWalletInfoVC.swift */ = {isa = PBXFileReference; lastKnownFileType = sourcecode.swift; path = NewWalletInfoVC.swift; sourceTree = "<group>"; };
		59C2706D27F35FDE000DD19C /* History.storyboard */ = {isa = PBXFileReference; lastKnownFileType = file.storyboard; path = History.storyboard; sourceTree = "<group>"; };
		59C2707027F35FF4000DD19C /* HistoryVC.swift */ = {isa = PBXFileReference; lastKnownFileType = sourcecode.swift; path = HistoryVC.swift; sourceTree = "<group>"; };
		59CBA33D27F484310048CA4D /* Settings.storyboard */ = {isa = PBXFileReference; lastKnownFileType = file.storyboard; path = Settings.storyboard; sourceTree = "<group>"; };
		59CBA34027F4845A0048CA4D /* SettingsVC.swift */ = {isa = PBXFileReference; lastKnownFileType = sourcecode.swift; path = SettingsVC.swift; sourceTree = "<group>"; };
		59E2728727EC96A4002F8C1D /* Send.storyboard */ = {isa = PBXFileReference; lastKnownFileType = file.storyboard; path = Send.storyboard; sourceTree = "<group>"; };
		59E2728A27EC96C4002F8C1D /* SendVC.swift */ = {isa = PBXFileReference; lastKnownFileType = sourcecode.swift; path = SendVC.swift; sourceTree = "<group>"; };
		59E2728C27EC96DD002F8C1D /* Send.swift */ = {isa = PBXFileReference; lastKnownFileType = sourcecode.swift; path = Send.swift; sourceTree = "<group>"; };
		75ACB7AA745F46C5D89123C8 /* Pods_Terra_PlanetTests.framework */ = {isa = PBXFileReference; explicitFileType = wrapper.framework; includeInIndex = 0; path = Pods_Terra_PlanetTests.framework; sourceTree = BUILT_PRODUCTS_DIR; };
		9F1324DB6D7CB710488ECA30 /* Pods-Terra PlanetTests.release.xcconfig */ = {isa = PBXFileReference; includeInIndex = 1; lastKnownFileType = text.xcconfig; name = "Pods-Terra PlanetTests.release.xcconfig"; path = "Target Support Files/Pods-Terra PlanetTests/Pods-Terra PlanetTests.release.xcconfig"; sourceTree = "<group>"; };
		A598754D3587CB8210D3AE6E /* Pods-Terra Planet.debug.xcconfig */ = {isa = PBXFileReference; includeInIndex = 1; lastKnownFileType = text.xcconfig; name = "Pods-Terra Planet.debug.xcconfig"; path = "Target Support Files/Pods-Terra Planet/Pods-Terra Planet.debug.xcconfig"; sourceTree = "<group>"; };
		B0C6E65815B5FDDA98EC1347 /* Pods-Terra Planet-Terra PlanetUITests.release.xcconfig */ = {isa = PBXFileReference; includeInIndex = 1; lastKnownFileType = text.xcconfig; name = "Pods-Terra Planet-Terra PlanetUITests.release.xcconfig"; path = "Target Support Files/Pods-Terra Planet-Terra PlanetUITests/Pods-Terra Planet-Terra PlanetUITests.release.xcconfig"; sourceTree = "<group>"; };
		E02E22F51BC5FFD6B62BB0D7 /* Pods_Terra_Planet_Terra_PlanetUITests.framework */ = {isa = PBXFileReference; explicitFileType = wrapper.framework; includeInIndex = 0; path = Pods_Terra_Planet_Terra_PlanetUITests.framework; sourceTree = BUILT_PRODUCTS_DIR; };
		FB8CDE9C1523FC257EAD80A8 /* Pods-Terra PlanetTests.debug.xcconfig */ = {isa = PBXFileReference; includeInIndex = 1; lastKnownFileType = text.xcconfig; name = "Pods-Terra PlanetTests.debug.xcconfig"; path = "Target Support Files/Pods-Terra PlanetTests/Pods-Terra PlanetTests.debug.xcconfig"; sourceTree = "<group>"; };
		FCF1C46317E711513B089ECD /* Pods_Terra_Planet.framework */ = {isa = PBXFileReference; explicitFileType = wrapper.framework; includeInIndex = 0; path = Pods_Terra_Planet.framework; sourceTree = BUILT_PRODUCTS_DIR; };
/* End PBXFileReference section */

/* Begin PBXFrameworksBuildPhase section */
		5933E97127EA08C300C8D25D /* Frameworks */ = {
			isa = PBXFrameworksBuildPhase;
			buildActionMask = 2147483647;
			files = (
				5933E9AF27EA0C0E00C8D25D /* NodeMobile.framework in Frameworks */,
				03EBE9F7EE82C11775DAF250 /* Pods_Terra_Planet.framework in Frameworks */,
			);
			runOnlyForDeploymentPostprocessing = 0;
		};
		5933E98727EA08C500C8D25D /* Frameworks */ = {
			isa = PBXFrameworksBuildPhase;
			buildActionMask = 2147483647;
			files = (
				6C6CD1F011662E58716096BE /* Pods_Terra_PlanetTests.framework in Frameworks */,
			);
			runOnlyForDeploymentPostprocessing = 0;
		};
		5933E99127EA08C500C8D25D /* Frameworks */ = {
			isa = PBXFrameworksBuildPhase;
			buildActionMask = 2147483647;
			files = (
				410CBD1435E8F475EC03637D /* Pods_Terra_Planet_Terra_PlanetUITests.framework in Frameworks */,
			);
			runOnlyForDeploymentPostprocessing = 0;
		};
/* End PBXFrameworksBuildPhase section */

/* Begin PBXGroup section */
		5908BA7F27EB491300AC0ED8 /* Start */ = {
			isa = PBXGroup;
			children = (
				5933E97D27EA08C300C8D25D /* Main.storyboard */,
				5933E97B27EA08C300C8D25D /* FirstVC.swift */,
				5921171E27EB5668001E1DC0 /* First.swift */,
			);
			path = Start;
			sourceTree = "<group>";
		};
		5908BA8027EB492C00AC0ED8 /* Utils */ = {
			isa = PBXGroup;
			children = (
				5973AE8C27EC910F00F6F78E /* QR.swift */,
				596145FC27EE0A8600026427 /* QR.storyboard */,
				5923398327ECB52D00E4DF84 /* Utils.swift */,
				596145FA27EE05A900026427 /* EventManager.swift */,
			);
			path = Utils;
			sourceTree = "<group>";
		};
		5908BA8127EB493700AC0ED8 /* Views */ = {
			isa = PBXGroup;
			children = (
				5908BA7F27EB491300AC0ED8 /* Start */,
				5908BA8627EB499E00AC0ED8 /* Onboarding */,
				5921172027EB628C001E1DC0 /* HomeTab.storyboard */,
				5921172227EB62A4001E1DC0 /* Home */,
				5973AE8727EC907400F6F78E /* Receive */,
				59E2728927EC96A8002F8C1D /* Send */,
				5923398727ECB7A400E4DF84 /* Swap */,
				592FA2E627EDE83B00955BF7 /* Anchor */,
				59C2706F27F35FE4000DD19C /* History */,
				59CBA33F27F4843E0048CA4D /* Settings */,
			);
			path = Views;
			sourceTree = "<group>";
		};
		5908BA8627EB499E00AC0ED8 /* Onboarding */ = {
			isa = PBXGroup;
			children = (
				5908BA8227EB497800AC0ED8 /* Onboarding.storyboard */,
				59A9E40227EB529600544B62 /* Onboarding */,
				59A9E40527EB52E800544B62 /* New Wallet Into */,
				598E911027F1E7C50002B438 /* Import Wallet */,
			);
			path = Onboarding;
			sourceTree = "<group>";
		};
		5921172227EB62A4001E1DC0 /* Home */ = {
			isa = PBXGroup;
			children = (
				5921172527EB63B1001E1DC0 /* Home.storyboard */,
				5921172327EB62CB001E1DC0 /* HomeVC.swift */,
				5921172727EBC57C001E1DC0 /* Home.swift */,
			);
			path = Home;
			sourceTree = "<group>";
		};
		5923398727ECB7A400E4DF84 /* Swap */ = {
			isa = PBXGroup;
			children = (
				5923398527ECB79C00E4DF84 /* Swap.storyboard */,
				5923398827ECB7BA00E4DF84 /* SwapVC.swift */,
				5923398A27ECB7D800E4DF84 /* Swap.swift */,
			);
			path = Swap;
			sourceTree = "<group>";
		};
		592FA2E627EDE83B00955BF7 /* Anchor */ = {
			isa = PBXGroup;
			children = (
				592FA2E727EDE8A400955BF7 /* Anchor.storyboard */,
				592FA2E927EDE8B200955BF7 /* AnchorVC.swift */,
				596145F627EDEBFF00026427 /* Anchor.swift */,
			);
			path = Anchor;
			sourceTree = "<group>";
		};
		5933E96B27EA08C300C8D25D = {
			isa = PBXGroup;
			children = (
				5933E97627EA08C300C8D25D /* Terra Planet */,
				5933E98D27EA08C500C8D25D /* Terra PlanetTests */,
				5933E99727EA08C500C8D25D /* Terra PlanetUITests */,
				5933E97527EA08C300C8D25D /* Products */,
				A5474A478549EF5E1AE53601 /* Pods */,
				F82D2051DDC60BDF4D2F17EA /* Frameworks */,
			);
			sourceTree = "<group>";
		};
		5933E97527EA08C300C8D25D /* Products */ = {
			isa = PBXGroup;
			children = (
				5933E97427EA08C300C8D25D /* Terra Planet.app */,
				5933E98A27EA08C500C8D25D /* Terra PlanetTests.xctest */,
				5933E99427EA08C500C8D25D /* Terra PlanetUITests.xctest */,
			);
			name = Products;
			sourceTree = "<group>";
		};
		5933E97627EA08C300C8D25D /* Terra Planet */ = {
			isa = PBXGroup;
			children = (
				5908BA8027EB492C00AC0ED8 /* Utils */,
				5933E97727EA08C300C8D25D /* AppDelegate.swift */,
				591F1E3927F48C9A007930A1 /* Design.swift */,
				591F1E3F27F497A3007930A1 /* StoreManager.swift */,
				5908BA8127EB493700AC0ED8 /* Views */,
				5933E9B727EA192800C8D25D /* API */,
				5933E9B827EA193200C8D25D /* Model */,
				5933E98027EA08C500C8D25D /* Assets.xcassets */,
				5933E98227EA08C500C8D25D /* LaunchScreen.storyboard */,
				5933E9B927EA19AD00C8D25D /* nodejs-project */,
				5933E9AC27EA09CE00C8D25D /* NodeRunner.h */,
				5933E9AD27EA09CE00C8D25D /* NodeRunner.mm */,
				5933E9A727EA098E00C8D25D /* NodeMobile.framework */,
				5933E98527EA08C500C8D25D /* Info.plist */,
				5933E9AB27EA09CE00C8D25D /* Terra Planet-Bridging-Header.h */,
			);
			path = "Terra Planet";
			sourceTree = "<group>";
		};
		5933E98D27EA08C500C8D25D /* Terra PlanetTests */ = {
			isa = PBXGroup;
			children = (
				5933E98E27EA08C500C8D25D /* Terra_PlanetTests.swift */,
			);
			path = "Terra PlanetTests";
			sourceTree = "<group>";
		};
		5933E99727EA08C500C8D25D /* Terra PlanetUITests */ = {
			isa = PBXGroup;
			children = (
				5933E99827EA08C500C8D25D /* Terra_PlanetUITests.swift */,
				5933E99A27EA08C500C8D25D /* Terra_PlanetUITestsLaunchTests.swift */,
			);
			path = "Terra PlanetUITests";
			sourceTree = "<group>";
		};
		5933E9B727EA192800C8D25D /* API */ = {
			isa = PBXGroup;
			children = (
				5933E9B327EA189D00C8D25D /* API.swift */,
				5933E9BB27EA22DC00C8D25D /* Network.swift */,
				5933E9C127EA311200C8D25D /* KeyChainManager.swift */,
			);
			path = API;
			sourceTree = "<group>";
		};
		5933E9B827EA193200C8D25D /* Model */ = {
			isa = PBXGroup;
			children = (
				5933E9B527EA190100C8D25D /* Wallet.swift */,
				5933E9BD27EA294E00C8D25D /* Balance.swift */,
				596145F827EDEC6500026427 /* AnchorActions.swift */,
				591F1E3B27F48F1F007930A1 /* GasFee.swift */,
			);
			path = Model;
			sourceTree = "<group>";
		};
		5973AE8727EC907400F6F78E /* Receive */ = {
			isa = PBXGroup;
			children = (
				5973AE8527EC906300F6F78E /* Receive.storyboard */,
				5973AE8827EC909600F6F78E /* ReceiveVC.swift */,
				5973AE8A27EC90B600F6F78E /* Receive.swift */,
			);
			path = Receive;
			sourceTree = "<group>";
		};
		598E911027F1E7C50002B438 /* Import Wallet */ = {
			isa = PBXGroup;
			children = (
				598E910E27F1E7BB0002B438 /* ImportWalletVC.swift */,
				598E911127F1E7E00002B438 /* ImportWallet.swift */,
			);
			path = "Import Wallet";
			sourceTree = "<group>";
		};
		59A9E40227EB529600544B62 /* Onboarding */ = {
			isa = PBXGroup;
			children = (
				5908BA8427EB499800AC0ED8 /* OnboardingVC.swift */,
				59A9E40027EB4C3000544B62 /* Onboarding.swift */,
			);
			path = Onboarding;
			sourceTree = "<group>";
		};
		59A9E40527EB52E800544B62 /* New Wallet Into */ = {
			isa = PBXGroup;
			children = (
				59A9E40327EB52B200544B62 /* NewWalletInfoVC.swift */,
				5921171C27EB53F7001E1DC0 /* NewWalletInfo.swift */,
			);
			path = "New Wallet Into";
			sourceTree = "<group>";
		};
		59C2706F27F35FE4000DD19C /* History */ = {
			isa = PBXGroup;
			children = (
				59C2706D27F35FDE000DD19C /* History.storyboard */,
				59C2707027F35FF4000DD19C /* HistoryVC.swift */,
			);
			path = History;
			sourceTree = "<group>";
		};
		59CBA33F27F4843E0048CA4D /* Settings */ = {
			isa = PBXGroup;
			children = (
				59CBA33D27F484310048CA4D /* Settings.storyboard */,
				59CBA34027F4845A0048CA4D /* SettingsVC.swift */,
				591F1E3D27F48F49007930A1 /* Settings.swift */,
			);
			path = Settings;
			sourceTree = "<group>";
		};
		59E2728927EC96A8002F8C1D /* Send */ = {
			isa = PBXGroup;
			children = (
				59E2728727EC96A4002F8C1D /* Send.storyboard */,
				59E2728A27EC96C4002F8C1D /* SendVC.swift */,
				59E2728C27EC96DD002F8C1D /* Send.swift */,
			);
			path = Send;
			sourceTree = "<group>";
		};
		A5474A478549EF5E1AE53601 /* Pods */ = {
			isa = PBXGroup;
			children = (
				A598754D3587CB8210D3AE6E /* Pods-Terra Planet.debug.xcconfig */,
				1A8C908FDD59E110954440AF /* Pods-Terra Planet.release.xcconfig */,
				2247FF0D6B5B06A2243E5DEC /* Pods-Terra Planet-Terra PlanetUITests.debug.xcconfig */,
				B0C6E65815B5FDDA98EC1347 /* Pods-Terra Planet-Terra PlanetUITests.release.xcconfig */,
				FB8CDE9C1523FC257EAD80A8 /* Pods-Terra PlanetTests.debug.xcconfig */,
				9F1324DB6D7CB710488ECA30 /* Pods-Terra PlanetTests.release.xcconfig */,
			);
			path = Pods;
			sourceTree = "<group>";
		};
		F82D2051DDC60BDF4D2F17EA /* Frameworks */ = {
			isa = PBXGroup;
			children = (
				FCF1C46317E711513B089ECD /* Pods_Terra_Planet.framework */,
				E02E22F51BC5FFD6B62BB0D7 /* Pods_Terra_Planet_Terra_PlanetUITests.framework */,
				75ACB7AA745F46C5D89123C8 /* Pods_Terra_PlanetTests.framework */,
			);
			name = Frameworks;
			sourceTree = "<group>";
		};
/* End PBXGroup section */

/* Begin PBXNativeTarget section */
		5933E97327EA08C300C8D25D /* Terra Planet */ = {
			isa = PBXNativeTarget;
			buildConfigurationList = 5933E99E27EA08C500C8D25D /* Build configuration list for PBXNativeTarget "Terra Planet" */;
			buildPhases = (
				8942E7F317866E5D3E5A3431 /* [CP] Check Pods Manifest.lock */,
				5933E97027EA08C300C8D25D /* Sources */,
				5933E97127EA08C300C8D25D /* Frameworks */,
				5933E97227EA08C300C8D25D /* Resources */,
				5933E9B127EA0C0E00C8D25D /* Embed Frameworks */,
				6B4CCBFDF04CC099F8FB1439 /* [CP] Embed Pods Frameworks */,
			);
			buildRules = (
			);
			dependencies = (
			);
			name = "Terra Planet";
			productName = "Terra Planet";
			productReference = 5933E97427EA08C300C8D25D /* Terra Planet.app */;
			productType = "com.apple.product-type.application";
		};
		5933E98927EA08C500C8D25D /* Terra PlanetTests */ = {
			isa = PBXNativeTarget;
			buildConfigurationList = 5933E9A127EA08C500C8D25D /* Build configuration list for PBXNativeTarget "Terra PlanetTests" */;
			buildPhases = (
				781018A8636D04A0247B8BE3 /* [CP] Check Pods Manifest.lock */,
				5933E98627EA08C500C8D25D /* Sources */,
				5933E98727EA08C500C8D25D /* Frameworks */,
				5933E98827EA08C500C8D25D /* Resources */,
			);
			buildRules = (
			);
			dependencies = (
				5933E98C27EA08C500C8D25D /* PBXTargetDependency */,
			);
			name = "Terra PlanetTests";
			productName = "Terra PlanetTests";
			productReference = 5933E98A27EA08C500C8D25D /* Terra PlanetTests.xctest */;
			productType = "com.apple.product-type.bundle.unit-test";
		};
		5933E99327EA08C500C8D25D /* Terra PlanetUITests */ = {
			isa = PBXNativeTarget;
			buildConfigurationList = 5933E9A427EA08C500C8D25D /* Build configuration list for PBXNativeTarget "Terra PlanetUITests" */;
			buildPhases = (
				A2FAA5BE161373F916DF3E89 /* [CP] Check Pods Manifest.lock */,
				5933E99027EA08C500C8D25D /* Sources */,
				5933E99127EA08C500C8D25D /* Frameworks */,
				5933E99227EA08C500C8D25D /* Resources */,
				7A7738FA1BFDF8B963B02191 /* [CP] Embed Pods Frameworks */,
			);
			buildRules = (
			);
			dependencies = (
				5933E99627EA08C500C8D25D /* PBXTargetDependency */,
			);
			name = "Terra PlanetUITests";
			productName = "Terra PlanetUITests";
			productReference = 5933E99427EA08C500C8D25D /* Terra PlanetUITests.xctest */;
			productType = "com.apple.product-type.bundle.ui-testing";
		};
/* End PBXNativeTarget section */

/* Begin PBXProject section */
		5933E96C27EA08C300C8D25D /* Project object */ = {
			isa = PBXProject;
			attributes = {
				BuildIndependentTargetsInParallel = 1;
				LastSwiftUpdateCheck = 1330;
				LastUpgradeCheck = 1330;
				TargetAttributes = {
					5933E97327EA08C300C8D25D = {
						CreatedOnToolsVersion = 13.3;
						LastSwiftMigration = 1330;
					};
					5933E98927EA08C500C8D25D = {
						CreatedOnToolsVersion = 13.3;
						TestTargetID = 5933E97327EA08C300C8D25D;
					};
					5933E99327EA08C500C8D25D = {
						CreatedOnToolsVersion = 13.3;
						TestTargetID = 5933E97327EA08C300C8D25D;
					};
				};
			};
			buildConfigurationList = 5933E96F27EA08C300C8D25D /* Build configuration list for PBXProject "Terra Planet" */;
			compatibilityVersion = "Xcode 13.0";
			developmentRegion = en;
			hasScannedForEncodings = 0;
			knownRegions = (
				en,
				Base,
			);
			mainGroup = 5933E96B27EA08C300C8D25D;
			productRefGroup = 5933E97527EA08C300C8D25D /* Products */;
			projectDirPath = "";
			projectRoot = "";
			targets = (
				5933E97327EA08C300C8D25D /* Terra Planet */,
				5933E98927EA08C500C8D25D /* Terra PlanetTests */,
				5933E99327EA08C500C8D25D /* Terra PlanetUITests */,
			);
		};
/* End PBXProject section */

/* Begin PBXResourcesBuildPhase section */
		5933E97227EA08C300C8D25D /* Resources */ = {
			isa = PBXResourcesBuildPhase;
			buildActionMask = 2147483647;
			files = (
				5921172627EB63B1001E1DC0 /* Home.storyboard in Resources */,
				5923398627ECB79C00E4DF84 /* Swap.storyboard in Resources */,
				5933E98427EA08C500C8D25D /* LaunchScreen.storyboard in Resources */,
				59E2728827EC96A4002F8C1D /* Send.storyboard in Resources */,
				5908BA8327EB497800AC0ED8 /* Onboarding.storyboard in Resources */,
				5933E9BA27EA19AD00C8D25D /* nodejs-project in Resources */,
				5973AE8627EC906300F6F78E /* Receive.storyboard in Resources */,
				596145FD27EE0A8600026427 /* QR.storyboard in Resources */,
				5921172127EB628C001E1DC0 /* HomeTab.storyboard in Resources */,
				5933E98127EA08C500C8D25D /* Assets.xcassets in Resources */,
				5933E97F27EA08C300C8D25D /* Main.storyboard in Resources */,
				59C2706E27F35FDE000DD19C /* History.storyboard in Resources */,
				592FA2E827EDE8A400955BF7 /* Anchor.storyboard in Resources */,
				59CBA33E27F484310048CA4D /* Settings.storyboard in Resources */,
			);
			runOnlyForDeploymentPostprocessing = 0;
		};
		5933E98827EA08C500C8D25D /* Resources */ = {
			isa = PBXResourcesBuildPhase;
			buildActionMask = 2147483647;
			files = (
			);
			runOnlyForDeploymentPostprocessing = 0;
		};
		5933E99227EA08C500C8D25D /* Resources */ = {
			isa = PBXResourcesBuildPhase;
			buildActionMask = 2147483647;
			files = (
			);
			runOnlyForDeploymentPostprocessing = 0;
		};
/* End PBXResourcesBuildPhase section */

/* Begin PBXShellScriptBuildPhase section */
		6B4CCBFDF04CC099F8FB1439 /* [CP] Embed Pods Frameworks */ = {
			isa = PBXShellScriptBuildPhase;
			buildActionMask = 2147483647;
			files = (
			);
			inputFileListPaths = (
				"${PODS_ROOT}/Target Support Files/Pods-Terra Planet/Pods-Terra Planet-frameworks-${CONFIGURATION}-input-files.xcfilelist",
			);
			name = "[CP] Embed Pods Frameworks";
			outputFileListPaths = (
				"${PODS_ROOT}/Target Support Files/Pods-Terra Planet/Pods-Terra Planet-frameworks-${CONFIGURATION}-output-files.xcfilelist",
			);
			runOnlyForDeploymentPostprocessing = 0;
			shellPath = /bin/sh;
			shellScript = "\"${PODS_ROOT}/Target Support Files/Pods-Terra Planet/Pods-Terra Planet-frameworks.sh\"\n";
			showEnvVarsInLog = 0;
		};
		781018A8636D04A0247B8BE3 /* [CP] Check Pods Manifest.lock */ = {
			isa = PBXShellScriptBuildPhase;
			buildActionMask = 2147483647;
			files = (
			);
			inputFileListPaths = (
			);
			inputPaths = (
				"${PODS_PODFILE_DIR_PATH}/Podfile.lock",
				"${PODS_ROOT}/Manifest.lock",
			);
			name = "[CP] Check Pods Manifest.lock";
			outputFileListPaths = (
			);
			outputPaths = (
				"$(DERIVED_FILE_DIR)/Pods-Terra PlanetTests-checkManifestLockResult.txt",
			);
			runOnlyForDeploymentPostprocessing = 0;
			shellPath = /bin/sh;
			shellScript = "diff \"${PODS_PODFILE_DIR_PATH}/Podfile.lock\" \"${PODS_ROOT}/Manifest.lock\" > /dev/null\nif [ $? != 0 ] ; then\n    # print error to STDERR\n    echo \"error: The sandbox is not in sync with the Podfile.lock. Run 'pod install' or update your CocoaPods installation.\" >&2\n    exit 1\nfi\n# This output is used by Xcode 'outputs' to avoid re-running this script phase.\necho \"SUCCESS\" > \"${SCRIPT_OUTPUT_FILE_0}\"\n";
			showEnvVarsInLog = 0;
		};
		7A7738FA1BFDF8B963B02191 /* [CP] Embed Pods Frameworks */ = {
			isa = PBXShellScriptBuildPhase;
			buildActionMask = 2147483647;
			files = (
			);
			inputFileListPaths = (
				"${PODS_ROOT}/Target Support Files/Pods-Terra Planet-Terra PlanetUITests/Pods-Terra Planet-Terra PlanetUITests-frameworks-${CONFIGURATION}-input-files.xcfilelist",
			);
			name = "[CP] Embed Pods Frameworks";
			outputFileListPaths = (
				"${PODS_ROOT}/Target Support Files/Pods-Terra Planet-Terra PlanetUITests/Pods-Terra Planet-Terra PlanetUITests-frameworks-${CONFIGURATION}-output-files.xcfilelist",
			);
			runOnlyForDeploymentPostprocessing = 0;
			shellPath = /bin/sh;
			shellScript = "\"${PODS_ROOT}/Target Support Files/Pods-Terra Planet-Terra PlanetUITests/Pods-Terra Planet-Terra PlanetUITests-frameworks.sh\"\n";
			showEnvVarsInLog = 0;
		};
		8942E7F317866E5D3E5A3431 /* [CP] Check Pods Manifest.lock */ = {
			isa = PBXShellScriptBuildPhase;
			buildActionMask = 2147483647;
			files = (
			);
			inputFileListPaths = (
			);
			inputPaths = (
				"${PODS_PODFILE_DIR_PATH}/Podfile.lock",
				"${PODS_ROOT}/Manifest.lock",
			);
			name = "[CP] Check Pods Manifest.lock";
			outputFileListPaths = (
			);
			outputPaths = (
				"$(DERIVED_FILE_DIR)/Pods-Terra Planet-checkManifestLockResult.txt",
			);
			runOnlyForDeploymentPostprocessing = 0;
			shellPath = /bin/sh;
			shellScript = "diff \"${PODS_PODFILE_DIR_PATH}/Podfile.lock\" \"${PODS_ROOT}/Manifest.lock\" > /dev/null\nif [ $? != 0 ] ; then\n    # print error to STDERR\n    echo \"error: The sandbox is not in sync with the Podfile.lock. Run 'pod install' or update your CocoaPods installation.\" >&2\n    exit 1\nfi\n# This output is used by Xcode 'outputs' to avoid re-running this script phase.\necho \"SUCCESS\" > \"${SCRIPT_OUTPUT_FILE_0}\"\n";
			showEnvVarsInLog = 0;
		};
		A2FAA5BE161373F916DF3E89 /* [CP] Check Pods Manifest.lock */ = {
			isa = PBXShellScriptBuildPhase;
			buildActionMask = 2147483647;
			files = (
			);
			inputFileListPaths = (
			);
			inputPaths = (
				"${PODS_PODFILE_DIR_PATH}/Podfile.lock",
				"${PODS_ROOT}/Manifest.lock",
			);
			name = "[CP] Check Pods Manifest.lock";
			outputFileListPaths = (
			);
			outputPaths = (
				"$(DERIVED_FILE_DIR)/Pods-Terra Planet-Terra PlanetUITests-checkManifestLockResult.txt",
			);
			runOnlyForDeploymentPostprocessing = 0;
			shellPath = /bin/sh;
			shellScript = "diff \"${PODS_PODFILE_DIR_PATH}/Podfile.lock\" \"${PODS_ROOT}/Manifest.lock\" > /dev/null\nif [ $? != 0 ] ; then\n    # print error to STDERR\n    echo \"error: The sandbox is not in sync with the Podfile.lock. Run 'pod install' or update your CocoaPods installation.\" >&2\n    exit 1\nfi\n# This output is used by Xcode 'outputs' to avoid re-running this script phase.\necho \"SUCCESS\" > \"${SCRIPT_OUTPUT_FILE_0}\"\n";
			showEnvVarsInLog = 0;
		};
/* End PBXShellScriptBuildPhase section */

/* Begin PBXSourcesBuildPhase section */
		5933E97027EA08C300C8D25D /* Sources */ = {
			isa = PBXSourcesBuildPhase;
			buildActionMask = 2147483647;
			files = (
				5933E9B627EA190100C8D25D /* Wallet.swift in Sources */,
				591F1E3A27F48C9A007930A1 /* Design.swift in Sources */,
				59C2707127F35FF4000DD19C /* HistoryVC.swift in Sources */,
				5933E97C27EA08C300C8D25D /* FirstVC.swift in Sources */,
				591F1E3C27F48F1F007930A1 /* GasFee.swift in Sources */,
				596145F927EDEC6500026427 /* AnchorActions.swift in Sources */,
				596145FB27EE05A900026427 /* EventManager.swift in Sources */,
				5973AE8B27EC90B600F6F78E /* Receive.swift in Sources */,
				5923398927ECB7BA00E4DF84 /* SwapVC.swift in Sources */,
				5933E9AE27EA09CE00C8D25D /* NodeRunner.mm in Sources */,
				5933E97827EA08C300C8D25D /* AppDelegate.swift in Sources */,
				5921171F27EB5668001E1DC0 /* First.swift in Sources */,
				5973AE8927EC909600F6F78E /* ReceiveVC.swift in Sources */,
				59E2728B27EC96C4002F8C1D /* SendVC.swift in Sources */,
				598E911227F1E7E00002B438 /* ImportWallet.swift in Sources */,
				5921172827EBC57C001E1DC0 /* Home.swift in Sources */,
				5933E9BC27EA22DC00C8D25D /* Network.swift in Sources */,
				59A9E40127EB4C3000544B62 /* Onboarding.swift in Sources */,
				5921171D27EB53F7001E1DC0 /* NewWalletInfo.swift in Sources */,
				5923398B27ECB7D800E4DF84 /* Swap.swift in Sources */,
				591F1E3E27F48F49007930A1 /* Settings.swift in Sources */,
				59CBA34127F4845A0048CA4D /* SettingsVC.swift in Sources */,
				591F1E4027F497A3007930A1 /* StoreManager.swift in Sources */,
				5921172427EB62CB001E1DC0 /* HomeVC.swift in Sources */,
				5908BA8527EB499800AC0ED8 /* OnboardingVC.swift in Sources */,
				5923398427ECB52D00E4DF84 /* Utils.swift in Sources */,
				5933E9BE27EA294E00C8D25D /* Balance.swift in Sources */,
				59A9E40427EB52B200544B62 /* NewWalletInfoVC.swift in Sources */,
				5933E9C227EA311200C8D25D /* KeyChainManager.swift in Sources */,
				592FA2EA27EDE8B200955BF7 /* AnchorVC.swift in Sources */,
				59E2728D27EC96DD002F8C1D /* Send.swift in Sources */,
				5973AE8D27EC910F00F6F78E /* QR.swift in Sources */,
				596145F727EDEBFF00026427 /* Anchor.swift in Sources */,
				5933E9B427EA189D00C8D25D /* API.swift in Sources */,
				598E910F27F1E7BB0002B438 /* ImportWalletVC.swift in Sources */,
			);
			runOnlyForDeploymentPostprocessing = 0;
		};
		5933E98627EA08C500C8D25D /* Sources */ = {
			isa = PBXSourcesBuildPhase;
			buildActionMask = 2147483647;
			files = (
				5933E98F27EA08C500C8D25D /* Terra_PlanetTests.swift in Sources */,
			);
			runOnlyForDeploymentPostprocessing = 0;
		};
		5933E99027EA08C500C8D25D /* Sources */ = {
			isa = PBXSourcesBuildPhase;
			buildActionMask = 2147483647;
			files = (
				5933E99927EA08C500C8D25D /* Terra_PlanetUITests.swift in Sources */,
				5933E99B27EA08C500C8D25D /* Terra_PlanetUITestsLaunchTests.swift in Sources */,
			);
			runOnlyForDeploymentPostprocessing = 0;
		};
/* End PBXSourcesBuildPhase section */

/* Begin PBXTargetDependency section */
		5933E98C27EA08C500C8D25D /* PBXTargetDependency */ = {
			isa = PBXTargetDependency;
			target = 5933E97327EA08C300C8D25D /* Terra Planet */;
			targetProxy = 5933E98B27EA08C500C8D25D /* PBXContainerItemProxy */;
		};
		5933E99627EA08C500C8D25D /* PBXTargetDependency */ = {
			isa = PBXTargetDependency;
			target = 5933E97327EA08C300C8D25D /* Terra Planet */;
			targetProxy = 5933E99527EA08C500C8D25D /* PBXContainerItemProxy */;
		};
/* End PBXTargetDependency section */

/* Begin PBXVariantGroup section */
		5933E97D27EA08C300C8D25D /* Main.storyboard */ = {
			isa = PBXVariantGroup;
			children = (
				5933E97E27EA08C300C8D25D /* Base */,
			);
			name = Main.storyboard;
			sourceTree = "<group>";
		};
		5933E98227EA08C500C8D25D /* LaunchScreen.storyboard */ = {
			isa = PBXVariantGroup;
			children = (
				5933E98327EA08C500C8D25D /* Base */,
			);
			name = LaunchScreen.storyboard;
			sourceTree = "<group>";
		};
/* End PBXVariantGroup section */

/* Begin XCBuildConfiguration section */
		5933E99C27EA08C500C8D25D /* Debug */ = {
			isa = XCBuildConfiguration;
			buildSettings = {
				ALWAYS_SEARCH_USER_PATHS = NO;
				CLANG_ANALYZER_NONNULL = YES;
				CLANG_ANALYZER_NUMBER_OBJECT_CONVERSION = YES_AGGRESSIVE;
				CLANG_CXX_LANGUAGE_STANDARD = "gnu++17";
				CLANG_ENABLE_MODULES = YES;
				CLANG_ENABLE_OBJC_ARC = YES;
				CLANG_ENABLE_OBJC_WEAK = YES;
				CLANG_WARN_BLOCK_CAPTURE_AUTORELEASING = YES;
				CLANG_WARN_BOOL_CONVERSION = YES;
				CLANG_WARN_COMMA = YES;
				CLANG_WARN_CONSTANT_CONVERSION = YES;
				CLANG_WARN_DEPRECATED_OBJC_IMPLEMENTATIONS = YES;
				CLANG_WARN_DIRECT_OBJC_ISA_USAGE = YES_ERROR;
				CLANG_WARN_DOCUMENTATION_COMMENTS = YES;
				CLANG_WARN_EMPTY_BODY = YES;
				CLANG_WARN_ENUM_CONVERSION = YES;
				CLANG_WARN_INFINITE_RECURSION = YES;
				CLANG_WARN_INT_CONVERSION = YES;
				CLANG_WARN_NON_LITERAL_NULL_CONVERSION = YES;
				CLANG_WARN_OBJC_IMPLICIT_RETAIN_SELF = YES;
				CLANG_WARN_OBJC_LITERAL_CONVERSION = YES;
				CLANG_WARN_OBJC_ROOT_CLASS = YES_ERROR;
				CLANG_WARN_QUOTED_INCLUDE_IN_FRAMEWORK_HEADER = YES;
				CLANG_WARN_RANGE_LOOP_ANALYSIS = YES;
				CLANG_WARN_STRICT_PROTOTYPES = YES;
				CLANG_WARN_SUSPICIOUS_MOVE = YES;
				CLANG_WARN_UNGUARDED_AVAILABILITY = YES_AGGRESSIVE;
				CLANG_WARN_UNREACHABLE_CODE = YES;
				CLANG_WARN__DUPLICATE_METHOD_MATCH = YES;
				COPY_PHASE_STRIP = NO;
				DEBUG_INFORMATION_FORMAT = dwarf;
				ENABLE_STRICT_OBJC_MSGSEND = YES;
				ENABLE_TESTABILITY = YES;
				GCC_C_LANGUAGE_STANDARD = gnu11;
				GCC_DYNAMIC_NO_PIC = NO;
				GCC_NO_COMMON_BLOCKS = YES;
				GCC_OPTIMIZATION_LEVEL = 0;
				GCC_PREPROCESSOR_DEFINITIONS = (
					"DEBUG=1",
					"$(inherited)",
				);
				GCC_WARN_64_TO_32_BIT_CONVERSION = YES;
				GCC_WARN_ABOUT_RETURN_TYPE = YES_ERROR;
				GCC_WARN_UNDECLARED_SELECTOR = YES;
				GCC_WARN_UNINITIALIZED_AUTOS = YES_AGGRESSIVE;
				GCC_WARN_UNUSED_FUNCTION = YES;
				GCC_WARN_UNUSED_VARIABLE = YES;
				IPHONEOS_DEPLOYMENT_TARGET = 15.4;
				MTL_ENABLE_DEBUG_INFO = INCLUDE_SOURCE;
				MTL_FAST_MATH = YES;
				ONLY_ACTIVE_ARCH = YES;
				SDKROOT = iphoneos;
				SWIFT_ACTIVE_COMPILATION_CONDITIONS = DEBUG;
				SWIFT_OPTIMIZATION_LEVEL = "-Onone";
			};
			name = Debug;
		};
		5933E99D27EA08C500C8D25D /* Release */ = {
			isa = XCBuildConfiguration;
			buildSettings = {
				ALWAYS_SEARCH_USER_PATHS = NO;
				CLANG_ANALYZER_NONNULL = YES;
				CLANG_ANALYZER_NUMBER_OBJECT_CONVERSION = YES_AGGRESSIVE;
				CLANG_CXX_LANGUAGE_STANDARD = "gnu++17";
				CLANG_ENABLE_MODULES = YES;
				CLANG_ENABLE_OBJC_ARC = YES;
				CLANG_ENABLE_OBJC_WEAK = YES;
				CLANG_WARN_BLOCK_CAPTURE_AUTORELEASING = YES;
				CLANG_WARN_BOOL_CONVERSION = YES;
				CLANG_WARN_COMMA = YES;
				CLANG_WARN_CONSTANT_CONVERSION = YES;
				CLANG_WARN_DEPRECATED_OBJC_IMPLEMENTATIONS = YES;
				CLANG_WARN_DIRECT_OBJC_ISA_USAGE = YES_ERROR;
				CLANG_WARN_DOCUMENTATION_COMMENTS = YES;
				CLANG_WARN_EMPTY_BODY = YES;
				CLANG_WARN_ENUM_CONVERSION = YES;
				CLANG_WARN_INFINITE_RECURSION = YES;
				CLANG_WARN_INT_CONVERSION = YES;
				CLANG_WARN_NON_LITERAL_NULL_CONVERSION = YES;
				CLANG_WARN_OBJC_IMPLICIT_RETAIN_SELF = YES;
				CLANG_WARN_OBJC_LITERAL_CONVERSION = YES;
				CLANG_WARN_OBJC_ROOT_CLASS = YES_ERROR;
				CLANG_WARN_QUOTED_INCLUDE_IN_FRAMEWORK_HEADER = YES;
				CLANG_WARN_RANGE_LOOP_ANALYSIS = YES;
				CLANG_WARN_STRICT_PROTOTYPES = YES;
				CLANG_WARN_SUSPICIOUS_MOVE = YES;
				CLANG_WARN_UNGUARDED_AVAILABILITY = YES_AGGRESSIVE;
				CLANG_WARN_UNREACHABLE_CODE = YES;
				CLANG_WARN__DUPLICATE_METHOD_MATCH = YES;
				COPY_PHASE_STRIP = NO;
				DEBUG_INFORMATION_FORMAT = "dwarf-with-dsym";
				ENABLE_NS_ASSERTIONS = NO;
				ENABLE_STRICT_OBJC_MSGSEND = YES;
				GCC_C_LANGUAGE_STANDARD = gnu11;
				GCC_NO_COMMON_BLOCKS = YES;
				GCC_WARN_64_TO_32_BIT_CONVERSION = YES;
				GCC_WARN_ABOUT_RETURN_TYPE = YES_ERROR;
				GCC_WARN_UNDECLARED_SELECTOR = YES;
				GCC_WARN_UNINITIALIZED_AUTOS = YES_AGGRESSIVE;
				GCC_WARN_UNUSED_FUNCTION = YES;
				GCC_WARN_UNUSED_VARIABLE = YES;
				IPHONEOS_DEPLOYMENT_TARGET = 15.4;
				MTL_ENABLE_DEBUG_INFO = NO;
				MTL_FAST_MATH = YES;
				SDKROOT = iphoneos;
				SWIFT_COMPILATION_MODE = wholemodule;
				SWIFT_OPTIMIZATION_LEVEL = "-O";
				VALIDATE_PRODUCT = YES;
			};
			name = Release;
		};
		5933E99F27EA08C500C8D25D /* Debug */ = {
			isa = XCBuildConfiguration;
			baseConfigurationReference = A598754D3587CB8210D3AE6E /* Pods-Terra Planet.debug.xcconfig */;
			buildSettings = {
				ASSETCATALOG_COMPILER_APPICON_NAME = AppIcon;
				ASSETCATALOG_COMPILER_GLOBAL_ACCENT_COLOR_NAME = AccentColor;
				CLANG_ENABLE_MODULES = YES;
				CODE_SIGN_IDENTITY = "Apple Development";
				CODE_SIGN_STYLE = Automatic;
				CURRENT_PROJECT_VERSION = 9;
				DEVELOPMENT_TEAM = 8P26MFFBDF;
				ENABLE_BITCODE = NO;
				FRAMEWORK_SEARCH_PATHS = (
					"$(inherited)",
					"$(PROJECT_DIR)/Terra\\ Planet",
					"$(PROJECT_DIR)/Terra\\ Planet",
				);
				GENERATE_INFOPLIST_FILE = YES;
				INFOPLIST_FILE = "Terra Planet/Info.plist";
				INFOPLIST_KEY_NSCameraUsageDescription = "We need access to the camera in onder to scan QR codes";
				INFOPLIST_KEY_UIApplicationSupportsIndirectInputEvents = YES;
				INFOPLIST_KEY_UILaunchStoryboardName = LaunchScreen;
				INFOPLIST_KEY_UIMainStoryboardFile = Main;
				INFOPLIST_KEY_UISupportedInterfaceOrientations = UIInterfaceOrientationPortrait;
				INFOPLIST_KEY_UISupportedInterfaceOrientations_iPad = "UIInterfaceOrientationPortrait UIInterfaceOrientationPortraitUpsideDown UIInterfaceOrientationLandscapeLeft UIInterfaceOrientationLandscapeRight";
				INFOPLIST_KEY_UISupportedInterfaceOrientations_iPhone = "UIInterfaceOrientationPortrait UIInterfaceOrientationLandscapeLeft UIInterfaceOrientationLandscapeRight";
				IPHONEOS_DEPLOYMENT_TARGET = 13.0;
				LD_RUNPATH_SEARCH_PATHS = (
					"$(inherited)",
					"@executable_path/Frameworks",
				);
				MARKETING_VERSION = 1.0.0;
				PRODUCT_BUNDLE_IDENTIFIER = "app.terraplanet.Terra-Planet";
				PRODUCT_NAME = "$(TARGET_NAME)";
				PROVISIONING_PROFILE_SPECIFIER = "";
				SWIFT_EMIT_LOC_STRINGS = YES;
				SWIFT_OBJC_BRIDGING_HEADER = "Terra Planet/Terra Planet-Bridging-Header.h";
				SWIFT_OPTIMIZATION_LEVEL = "-Onone";
				SWIFT_VERSION = 5.0;
				TARGETED_DEVICE_FAMILY = 1;
			};
			name = Debug;
		};
		5933E9A027EA08C500C8D25D /* Release */ = {
			isa = XCBuildConfiguration;
			baseConfigurationReference = 1A8C908FDD59E110954440AF /* Pods-Terra Planet.release.xcconfig */;
			buildSettings = {
				ASSETCATALOG_COMPILER_APPICON_NAME = AppIcon;
				ASSETCATALOG_COMPILER_GLOBAL_ACCENT_COLOR_NAME = AccentColor;
				CLANG_ENABLE_MODULES = YES;
				CODE_SIGN_IDENTITY = "Apple Development";
				CODE_SIGN_STYLE = Automatic;
				CURRENT_PROJECT_VERSION = 9;
				DEVELOPMENT_TEAM = 8P26MFFBDF;
				ENABLE_BITCODE = NO;
				FRAMEWORK_SEARCH_PATHS = (
					"$(inherited)",
					"$(PROJECT_DIR)/Terra\\ Planet",
					"$(PROJECT_DIR)/Terra\\ Planet",
				);
				GENERATE_INFOPLIST_FILE = YES;
				INFOPLIST_FILE = "Terra Planet/Info.plist";
				INFOPLIST_KEY_NSCameraUsageDescription = "We need access to the camera in onder to scan QR codes";
				INFOPLIST_KEY_UIApplicationSupportsIndirectInputEvents = YES;
				INFOPLIST_KEY_UILaunchStoryboardName = LaunchScreen;
				INFOPLIST_KEY_UIMainStoryboardFile = Main;
				INFOPLIST_KEY_UISupportedInterfaceOrientations = UIInterfaceOrientationPortrait;
				INFOPLIST_KEY_UISupportedInterfaceOrientations_iPad = "UIInterfaceOrientationPortrait UIInterfaceOrientationPortraitUpsideDown UIInterfaceOrientationLandscapeLeft UIInterfaceOrientationLandscapeRight";
				INFOPLIST_KEY_UISupportedInterfaceOrientations_iPhone = "UIInterfaceOrientationPortrait UIInterfaceOrientationLandscapeLeft UIInterfaceOrientationLandscapeRight";
				IPHONEOS_DEPLOYMENT_TARGET = 13.0;
				LD_RUNPATH_SEARCH_PATHS = (
					"$(inherited)",
					"@executable_path/Frameworks",
				);
				MARKETING_VERSION = 1.0.0;
				PRODUCT_BUNDLE_IDENTIFIER = "app.terraplanet.Terra-Planet";
				PRODUCT_NAME = "$(TARGET_NAME)";
				PROVISIONING_PROFILE_SPECIFIER = "";
				SWIFT_EMIT_LOC_STRINGS = YES;
				SWIFT_OBJC_BRIDGING_HEADER = "Terra Planet/Terra Planet-Bridging-Header.h";
				SWIFT_VERSION = 5.0;
				TARGETED_DEVICE_FAMILY = 1;
			};
			name = Release;
		};
		5933E9A227EA08C500C8D25D /* Debug */ = {
			isa = XCBuildConfiguration;
			baseConfigurationReference = FB8CDE9C1523FC257EAD80A8 /* Pods-Terra PlanetTests.debug.xcconfig */;
			buildSettings = {
				ALWAYS_EMBED_SWIFT_STANDARD_LIBRARIES = YES;
				BUNDLE_LOADER = "$(TEST_HOST)";
				CODE_SIGN_STYLE = Automatic;
				CURRENT_PROJECT_VERSION = 1;
				DEVELOPMENT_TEAM = 8P26MFFBDF;
				GENERATE_INFOPLIST_FILE = YES;
				IPHONEOS_DEPLOYMENT_TARGET = 15.4;
				MARKETING_VERSION = 1.0;
				PRODUCT_BUNDLE_IDENTIFIER = "app.terraplanet.Terra-PlanetTests";
				PRODUCT_NAME = "$(TARGET_NAME)";
				SWIFT_EMIT_LOC_STRINGS = NO;
				SWIFT_VERSION = 5.0;
				TARGETED_DEVICE_FAMILY = "1,2";
				TEST_HOST = "$(BUILT_PRODUCTS_DIR)/Terra Planet.app/Terra Planet";
			};
			name = Debug;
		};
		5933E9A327EA08C500C8D25D /* Release */ = {
			isa = XCBuildConfiguration;
			baseConfigurationReference = 9F1324DB6D7CB710488ECA30 /* Pods-Terra PlanetTests.release.xcconfig */;
			buildSettings = {
				ALWAYS_EMBED_SWIFT_STANDARD_LIBRARIES = YES;
				BUNDLE_LOADER = "$(TEST_HOST)";
				CODE_SIGN_STYLE = Automatic;
				CURRENT_PROJECT_VERSION = 1;
				DEVELOPMENT_TEAM = 8P26MFFBDF;
				GENERATE_INFOPLIST_FILE = YES;
				IPHONEOS_DEPLOYMENT_TARGET = 15.4;
				MARKETING_VERSION = 1.0;
				PRODUCT_BUNDLE_IDENTIFIER = "app.terraplanet.Terra-PlanetTests";
				PRODUCT_NAME = "$(TARGET_NAME)";
				SWIFT_EMIT_LOC_STRINGS = NO;
				SWIFT_VERSION = 5.0;
				TARGETED_DEVICE_FAMILY = "1,2";
				TEST_HOST = "$(BUILT_PRODUCTS_DIR)/Terra Planet.app/Terra Planet";
			};
			name = Release;
		};
		5933E9A527EA08C500C8D25D /* Debug */ = {
			isa = XCBuildConfiguration;
			baseConfigurationReference = 2247FF0D6B5B06A2243E5DEC /* Pods-Terra Planet-Terra PlanetUITests.debug.xcconfig */;
			buildSettings = {
				ALWAYS_EMBED_SWIFT_STANDARD_LIBRARIES = YES;
				CODE_SIGN_STYLE = Automatic;
				CURRENT_PROJECT_VERSION = 1;
				DEVELOPMENT_TEAM = 8P26MFFBDF;
				GENERATE_INFOPLIST_FILE = YES;
				MARKETING_VERSION = 1.0;
				PRODUCT_BUNDLE_IDENTIFIER = "app.terraplanet.Terra-PlanetUITests";
				PRODUCT_NAME = "$(TARGET_NAME)";
				SWIFT_EMIT_LOC_STRINGS = NO;
				SWIFT_VERSION = 5.0;
				TARGETED_DEVICE_FAMILY = "1,2";
				TEST_TARGET_NAME = "Terra Planet";
			};
			name = Debug;
		};
		5933E9A627EA08C500C8D25D /* Release */ = {
			isa = XCBuildConfiguration;
			baseConfigurationReference = B0C6E65815B5FDDA98EC1347 /* Pods-Terra Planet-Terra PlanetUITests.release.xcconfig */;
			buildSettings = {
				ALWAYS_EMBED_SWIFT_STANDARD_LIBRARIES = YES;
				CODE_SIGN_STYLE = Automatic;
				CURRENT_PROJECT_VERSION = 1;
				DEVELOPMENT_TEAM = 8P26MFFBDF;
				GENERATE_INFOPLIST_FILE = YES;
				MARKETING_VERSION = 1.0;
				PRODUCT_BUNDLE_IDENTIFIER = "app.terraplanet.Terra-PlanetUITests";
				PRODUCT_NAME = "$(TARGET_NAME)";
				SWIFT_EMIT_LOC_STRINGS = NO;
				SWIFT_VERSION = 5.0;
				TARGETED_DEVICE_FAMILY = "1,2";
				TEST_TARGET_NAME = "Terra Planet";
			};
			name = Release;
		};
/* End XCBuildConfiguration section */

/* Begin XCConfigurationList section */
		5933E96F27EA08C300C8D25D /* Build configuration list for PBXProject "Terra Planet" */ = {
			isa = XCConfigurationList;
			buildConfigurations = (
				5933E99C27EA08C500C8D25D /* Debug */,
				5933E99D27EA08C500C8D25D /* Release */,
			);
			defaultConfigurationIsVisible = 0;
			defaultConfigurationName = Release;
		};
		5933E99E27EA08C500C8D25D /* Build configuration list for PBXNativeTarget "Terra Planet" */ = {
			isa = XCConfigurationList;
			buildConfigurations = (
				5933E99F27EA08C500C8D25D /* Debug */,
				5933E9A027EA08C500C8D25D /* Release */,
			);
			defaultConfigurationIsVisible = 0;
			defaultConfigurationName = Release;
		};
		5933E9A127EA08C500C8D25D /* Build configuration list for PBXNativeTarget "Terra PlanetTests" */ = {
			isa = XCConfigurationList;
			buildConfigurations = (
				5933E9A227EA08C500C8D25D /* Debug */,
				5933E9A327EA08C500C8D25D /* Release */,
			);
			defaultConfigurationIsVisible = 0;
			defaultConfigurationName = Release;
		};
		5933E9A427EA08C500C8D25D /* Build configuration list for PBXNativeTarget "Terra PlanetUITests" */ = {
			isa = XCConfigurationList;
			buildConfigurations = (
				5933E9A527EA08C500C8D25D /* Debug */,
				5933E9A627EA08C500C8D25D /* Release */,
			);
			defaultConfigurationIsVisible = 0;
			defaultConfigurationName = Release;
		};
/* End XCConfigurationList section */
	};
	rootObject = 5933E96C27EA08C300C8D25D /* Project object */;
}
